
Microsoft Visual Studio Solution File, Format Version 12.00
# Visual Studio Version 17
VisualStudioVersion = 17.6.33829.357
MinimumVisualStudioVersion = 10.0.40219.1
Project("{FAE04EC0-301F-11D3-BF4B-00C04F79EFBC}") = "Tahseen.Api", "Tahseen.Api\Tahseen.Api.csproj", "{BB10CD47-EC6B-42E3-BDB4-D3A44B5D559A}"
EndProject
Project("{FAE04EC0-301F-11D3-BF4B-00C04F79EFBC}") = "Tahseen.Domain", "Tahseen.Domain\Tahseen.Domain.csproj", "{9BA7650F-8BC2-42CB-B6A8-4B578C546B88}"
EndProject
Project("{FAE04EC0-301F-11D3-BF4B-00C04F79EFBC}") = "Tahseen.Service", "Tahseen.Service\Tahseen.Service.csproj", "{6CE0D586-D1C2-4E41-A651-1C86723AE41C}"
EndProject
Global
	GlobalSection(SolutionConfigurationPlatforms) = preSolution
		Debug|Any CPU = Debug|Any CPU
		Release|Any CPU = Release|Any CPU
	EndGlobalSection
	GlobalSection(ProjectConfigurationPlatforms) = postSolution
		{BB10CD47-EC6B-42E3-BDB4-D3A44B5D559A}.Debug|Any CPU.ActiveCfg = Debug|Any CPU
		{BB10CD47-EC6B-42E3-BDB4-D3A44B5D559A}.Debug|Any CPU.Build.0 = Debug|Any CPU
		{BB10CD47-EC6B-42E3-BDB4-D3A44B5D559A}.Release|Any CPU.ActiveCfg = Release|Any CPU
		{BB10CD47-EC6B-42E3-BDB4-D3A44B5D559A}.Release|Any CPU.Build.0 = Release|Any CPU
		{9BA7650F-8BC2-42CB-B6A8-4B578C546B88}.Debug|Any CPU.ActiveCfg = Debug|Any CPU
		{9BA7650F-8BC2-42CB-B6A8-4B578C546B88}.Debug|Any CPU.Build.0 = Debug|Any CPU
		{9BA7650F-8BC2-42CB-B6A8-4B578C546B88}.Release|Any CPU.ActiveCfg = Release|Any CPU
		{9BA7650F-8BC2-42CB-B6A8-4B578C546B88}.Release|Any CPU.Build.0 = Release|Any CPU
		{6CE0D586-D1C2-4E41-A651-1C86723AE41C}.Debug|Any CPU.ActiveCfg = Debug|Any CPU
		{6CE0D586-D1C2-4E41-A651-1C86723AE41C}.Debug|Any CPU.Build.0 = Debug|Any CPU
		{6CE0D586-D1C2-4E41-A651-1C86723AE41C}.Release|Any CPU.ActiveCfg = Release|Any CPU
		{6CE0D586-D1C2-4E41-A651-1C86723AE41C}.Release|Any CPU.Build.0 = Release|Any CPU
	EndGlobalSection
	GlobalSection(SolutionProperties) = preSolution
		HideSolutionNode = FALSE
	EndGlobalSection
	GlobalSection(ExtensibilityGlobals) = postSolution
		SolutionGuid = {B47AEE6F-64E9-40AB-BB57-D48C631976EF}
	EndGlobalSection
EndGlobal
